
Microsoft Visual Studio Solution File, Format Version 10.00
# Visual Studio 2008
Project("{8BC9CEB8-8B4A-11D0-8D11-00A0C91BC942}") = "zh_CN", "zh_CN\zh_CN.vcproj", "{F1C70F46-57C2-4E89-99E6-3D3100D13E22}"
EndProject
Global
	GlobalSection(SolutionConfigurationPlatforms) = preSolution
		Debug|Win32 = Debug|Win32
		Release|Win32 = Release|Win32
	EndGlobalSection
	GlobalSection(ProjectConfigurationPlatforms) = postSolution
		{F1C70F46-57C2-4E89-99E6-3D3100D13E22}.Debug|Win32.ActiveCfg = Debug|Win32
		{F1C70F46-57C2-4E89-99E6-3D3100D13E22}.Debug|Win32.Build.0 = Debug|Win32
		{F1C70F46-57C2-4E89-99E6-3D3100D13E22}.Release|Win32.ActiveCfg = Release|Win32
		{F1C70F46-57C2-4E89-99E6-3D3100D13E22}.Release|Win32.Build.0 = Release|Win32
	EndGlobalSection
	GlobalSection(SolutionProperties) = preSolution
		HideSolutionNode = FALSE
	EndGlobalSection
EndGlobal
